
Microsoft Visual Studio Solution File, Format Version 12.00
# Visual Studio Version 16
VisualStudioVersion = 16.0.31004.235
MinimumVisualStudioVersion = 10.0.40219.1
Project("{9A19103F-16F7-4668-BE54-9A1E7A4F7556}") = "HelloMaui", "HelloMaui\HelloMaui.csproj", "{4207A76C-0F1E-4F5F-B8A0-F95A488780CA}"
EndProject
Global
	GlobalSection(SolutionConfigurationPlatforms) = preSolution
		Debug|Any CPU = Debug|Any CPU
		Debug|iPhone = Debug|iPhone
		Debug|iPhoneSimulator = Debug|iPhoneSimulator
		Release|Any CPU = Release|Any CPU
		Release|iPhone = Release|iPhone
		Release|iPhoneSimulator = Release|iPhoneSimulator
	EndGlobalSection
	GlobalSection(ProjectConfigurationPlatforms) = postSolution
		{4207A76C-0F1E-4F5F-B8A0-F95A488780CA}.Debug|Any CPU.ActiveCfg = Debug|Any CPU
		{4207A76C-0F1E-4F5F-B8A0-F95A488780CA}.Debug|Any CPU.Build.0 = Debug|Any CPU
		{4207A76C-0F1E-4F5F-B8A0-F95A488780CA}.Debug|Any CPU.Deploy.0 = Debug|Any CPU
		{4207A76C-0F1E-4F5F-B8A0-F95A488780CA}.Debug|iPhone.ActiveCfg = Debug|Any CPU
		{4207A76C-0F1E-4F5F-B8A0-F95A488780CA}.Debug|iPhone.Build.0 = Debug|Any CPU
		{4207A76C-0F1E-4F5F-B8A0-F95A488780CA}.Debug|iPhone.Deploy.0 = Debug|Any CPU
		{4207A76C-0F1E-4F5F-B8A0-F95A488780CA}.Debug|iPhoneSimulator.ActiveCfg = Debug|Any CPU
		{4207A76C-0F1E-4F5F-B8A0-F95A488780CA}.Debug|iPhoneSimulator.Build.0 = Debug|Any CPU
		{4207A76C-0F1E-4F5F-B8A0-F95A488780CA}.Debug|iPhoneSimulator.Deploy.0 = Debug|Any CPU
		{4207A76C-0F1E-4F5F-B8A0-F95A488780CA}.Release|Any CPU.ActiveCfg = Release|Any CPU
		{4207A76C-0F1E-4F5F-B8A0-F95A488780CA}.Release|Any CPU.Build.0 = Release|Any CPU
		{4207A76C-0F1E-4F5F-B8A0-F95A488780CA}.Release|Any CPU.Deploy.0 = Release|Any CPU
		{4207A76C-0F1E-4F5F-B8A0-F95A488780CA}.Release|iPhone.ActiveCfg = Release|Any CPU
		{4207A76C-0F1E-4F5F-B8A0-F95A488780CA}.Release|iPhone.Build.0 = Release|Any CPU
		{4207A76C-0F1E-4F5F-B8A0-F95A488780CA}.Release|iPhone.Deploy.0 = Release|Any CPU
		{4207A76C-0F1E-4F5F-B8A0-F95A488780CA}.Release|iPhoneSimulator.ActiveCfg = Release|Any CPU
		{4207A76C-0F1E-4F5F-B8A0-F95A488780CA}.Release|iPhoneSimulator.Build.0 = Release|Any CPU
		{4207A76C-0F1E-4F5F-B8A0-F95A488780CA}.Release|iPhoneSimulator.Deploy.0 = Release|Any CPU
	EndGlobalSection
	GlobalSection(SolutionProperties) = preSolution
		HideSolutionNode = FALSE
	EndGlobalSection
	GlobalSection(ExtensibilityGlobals) = postSolution
		SolutionGuid = {01DC881F-6DDC-498D-8046-D0161FF5650C}
	EndGlobalSection
EndGlobal
